
Microsoft Visual Studio Solution File, Format Version 12.00
# Visual Studio 15
VisualStudioVersion = 15.0.28307.421
MinimumVisualStudioVersion = 10.0.40219.1
Project("{FAE04EC0-301F-11D3-BF4B-00C04F79EFBC}") = "forca", "forca\forca.csproj", "{B4A26F31-0C08-450C-9E43-CD4F4A4DE7CF}"
EndProject
Global
	GlobalSection(SolutionConfigurationPlatforms) = preSolution
		Debug|Any CPU = Debug|Any CPU
		Release|Any CPU = Release|Any CPU
	EndGlobalSection
	GlobalSection(ProjectConfigurationPlatforms) = postSolution
		{B4A26F31-0C08-450C-9E43-CD4F4A4DE7CF}.Debug|Any CPU.ActiveCfg = Debug|Any CPU
		{B4A26F31-0C08-450C-9E43-CD4F4A4DE7CF}.Debug|Any CPU.Build.0 = Debug|Any CPU
		{B4A26F31-0C08-450C-9E43-CD4F4A4DE7CF}.Release|Any CPU.ActiveCfg = Release|Any CPU
		{B4A26F31-0C08-450C-9E43-CD4F4A4DE7CF}.Release|Any CPU.Build.0 = Release|Any CPU
	EndGlobalSection
	GlobalSection(SolutionProperties) = preSolution
		HideSolutionNode = FALSE
	EndGlobalSection
	GlobalSection(ExtensibilityGlobals) = postSolution
		SolutionGuid = {83AA854C-3247-4E68-B4D7-4ED82069268A}
	EndGlobalSection
EndGlobal
